// !$*UTF8*$!
{
	archiveVersion = 1;
	classes = {
	};
	objectVersion = 77;
	objects = {

/* Begin PBXBuildFile section */
		B831BC152D9AC8B1005E63C7 /* SwiftfulLoadingIndicators in Frameworks */ = {isa = PBXBuildFile; productRef = B831BC142D9AC8B1005E63C7 /* SwiftfulLoadingIndicators */; };
/* End PBXBuildFile section */

/* Begin PBXContainerItemProxy section */
		B852F86A2D936EA700BAE981 /* PBXContainerItemProxy */ = {
			isa = PBXContainerItemProxy;
			containerPortal = B852F8512D936EA600BAE981 /* Project object */;
			proxyType = 1;
			remoteGlobalIDString = B852F8582D936EA600BAE981;
			remoteInfo = "MovieApp-iOS";
		};
		B852F8742D936EA700BAE981 /* PBXContainerItemProxy */ = {
			isa = PBXContainerItemProxy;
			containerPortal = B852F8512D936EA600BAE981 /* Project object */;
			proxyType = 1;
			remoteGlobalIDString = B852F8582D936EA600BAE981;
			remoteInfo = "MovieApp-iOS";
		};
/* End PBXContainerItemProxy section */

/* Begin PBXFileReference section */
		B852F8592D936EA600BAE981 /* MovieApp-iOS.app */ = {isa = PBXFileReference; explicitFileType = wrapper.application; includeInIndex = 0; path = "MovieApp-iOS.app"; sourceTree = BUILT_PRODUCTS_DIR; };
		B852F8692D936EA700BAE981 /* MovieApp-iOSTests.xctest */ = {isa = PBXFileReference; explicitFileType = wrapper.cfbundle; includeInIndex = 0; path = "MovieApp-iOSTests.xctest"; sourceTree = BUILT_PRODUCTS_DIR; };
		B852F8732D936EA700BAE981 /* MovieApp-iOSUITests.xctest */ = {isa = PBXFileReference; explicitFileType = wrapper.cfbundle; includeInIndex = 0; path = "MovieApp-iOSUITests.xctest"; sourceTree = BUILT_PRODUCTS_DIR; };
/* End PBXFileReference section */

/* Begin PBXFileSystemSynchronizedRootGroup section */
		B852F85B2D936EA600BAE981 /* MovieApp-iOS */ = {
			isa = PBXFileSystemSynchronizedRootGroup;
			path = "MovieApp-iOS";
			sourceTree = "<group>";
		};
		B852F86C2D936EA700BAE981 /* MovieApp-iOSTests */ = {
			isa = PBXFileSystemSynchronizedRootGroup;
			path = "MovieApp-iOSTests";
			sourceTree = "<group>";
		};
		B852F8762D936EA700BAE981 /* MovieApp-iOSUITests */ = {
			isa = PBXFileSystemSynchronizedRootGroup;
			path = "MovieApp-iOSUITests";
			sourceTree = "<group>";
		};
/* End PBXFileSystemSynchronizedRootGroup section */

/* Begin PBXFrameworksBuildPhase section */
		B852F8562D936EA600BAE981 /* Frameworks */ = {
			isa = PBXFrameworksBuildPhase;
			buildActionMask = 2147483647;
			files = (
				B831BC152D9AC8B1005E63C7 /* SwiftfulLoadingIndicators in Frameworks */,
			);
			runOnlyForDeploymentPostprocessing = 0;
		};
		B852F8662D936EA700BAE981 /* Frameworks */ = {
			isa = PBXFrameworksBuildPhase;
			buildActionMask = 2147483647;
			files = (
			);
			runOnlyForDeploymentPostprocessing = 0;
		};
		B852F8702D936EA700BAE981 /* Frameworks */ = {
			isa = PBXFrameworksBuildPhase;
			buildActionMask = 2147483647;
			files = (
			);
			runOnlyForDeploymentPostprocessing = 0;
		};
/* End PBXFrameworksBuildPhase section */

/* Begin PBXGroup section */
		B852F8502D936EA600BAE981 = {
			isa = PBXGroup;
			children = (
				B852F85B2D936EA600BAE981 /* MovieApp-iOS */,
				B852F86C2D936EA700BAE981 /* MovieApp-iOSTests */,
				B852F8762D936EA700BAE981 /* MovieApp-iOSUITests */,
				B852F85A2D936EA600BAE981 /* Products */,
			);
			sourceTree = "<group>";
		};
		B852F85A2D936EA600BAE981 /* Products */ = {
			isa = PBXGroup;
			children = (
				B852F8592D936EA600BAE981 /* MovieApp-iOS.app */,
				B852F8692D936EA700BAE981 /* MovieApp-iOSTests.xctest */,
				B852F8732D936EA700BAE981 /* MovieApp-iOSUITests.xctest */,
			);
			name = Products;
			sourceTree = "<group>";
		};
/* End PBXGroup section */

/* Begin PBXNativeTarget section */
		B852F8582D936EA600BAE981 /* MovieApp-iOS */ = {
			isa = PBXNativeTarget;
			buildConfigurationList = B852F87D2D936EA700BAE981 /* Build configuration list for PBXNativeTarget "MovieApp-iOS" */;
			buildPhases = (
				B852F8552D936EA600BAE981 /* Sources */,
				B852F8562D936EA600BAE981 /* Frameworks */,
				B852F8572D936EA600BAE981 /* Resources */,
			);
			buildRules = (
			);
			dependencies = (
			);
			fileSystemSynchronizedGroups = (
				B852F85B2D936EA600BAE981 /* MovieApp-iOS */,
			);
			name = "MovieApp-iOS";
			packageProductDependencies = (
				B831BC142D9AC8B1005E63C7 /* SwiftfulLoadingIndicators */,
			);
			productName = "MovieApp-iOS";
			productReference = B852F8592D936EA600BAE981 /* MovieApp-iOS.app */;
			productType = "com.apple.product-type.application";
		};
		B852F8682D936EA700BAE981 /* MovieApp-iOSTests */ = {
			isa = PBXNativeTarget;
			buildConfigurationList = B852F8802D936EA700BAE981 /* Build configuration list for PBXNativeTarget "MovieApp-iOSTests" */;
			buildPhases = (
				B852F8652D936EA700BAE981 /* Sources */,
				B852F8662D936EA700BAE981 /* Frameworks */,
				B852F8672D936EA700BAE981 /* Resources */,
			);
			buildRules = (
			);
			dependencies = (
				B852F86B2D936EA700BAE981 /* PBXTargetDependency */,
			);
			fileSystemSynchronizedGroups = (
				B852F86C2D936EA700BAE981 /* MovieApp-iOSTests */,
			);
			name = "MovieApp-iOSTests";
			packageProductDependencies = (
			);
			productName = "MovieApp-iOSTests";
			productReference = B852F8692D936EA700BAE981 /* MovieApp-iOSTests.xctest */;
			productType = "com.apple.product-type.bundle.unit-test";
		};
		B852F8722D936EA700BAE981 /* MovieApp-iOSUITests */ = {
			isa = PBXNativeTarget;
			buildConfigurationList = B852F8832D936EA700BAE981 /* Build configuration list for PBXNativeTarget "MovieApp-iOSUITests" */;
			buildPhases = (
				B852F86F2D936EA700BAE981 /* Sources */,
				B852F8702D936EA700BAE981 /* Frameworks */,
				B852F8712D936EA700BAE981 /* Resources */,
			);
			buildRules = (
			);
			dependencies = (
				B852F8752D936EA700BAE981 /* PBXTargetDependency */,
			);
			fileSystemSynchronizedGroups = (
				B852F8762D936EA700BAE981 /* MovieApp-iOSUITests */,
			);
			name = "MovieApp-iOSUITests";
			packageProductDependencies = (
			);
			productName = "MovieApp-iOSUITests";
			productReference = B852F8732D936EA700BAE981 /* MovieApp-iOSUITests.xctest */;
			productType = "com.apple.product-type.bundle.ui-testing";
		};
/* End PBXNativeTarget section */

/* Begin PBXProject section */
		B852F8512D936EA600BAE981 /* Project object */ = {
			isa = PBXProject;
			attributes = {
				BuildIndependentTargetsInParallel = 1;
				LastSwiftUpdateCheck = 1610;
				LastUpgradeCheck = 1610;
				TargetAttributes = {
					B852F8582D936EA600BAE981 = {
						CreatedOnToolsVersion = 16.1;
					};
					B852F8682D936EA700BAE981 = {
						CreatedOnToolsVersion = 16.1;
						TestTargetID = B852F8582D936EA600BAE981;
					};
					B852F8722D936EA700BAE981 = {
						CreatedOnToolsVersion = 16.1;
						TestTargetID = B852F8582D936EA600BAE981;
					};
				};
			};
			buildConfigurationList = B852F8542D936EA600BAE981 /* Build configuration list for PBXProject "MovieApp-iOS" */;
			developmentRegion = en;
			hasScannedForEncodings = 0;
			knownRegions = (
				en,
				Base,
			);
			mainGroup = B852F8502D936EA600BAE981;
			minimizedProjectReferenceProxies = 1;
			packageReferences = (
				B831BC132D9AC8B1005E63C7 /* XCRemoteSwiftPackageReference "SwiftfulLoadingIndicators" */,
			);
			preferredProjectObjectVersion = 77;
			productRefGroup = B852F85A2D936EA600BAE981 /* Products */;
			projectDirPath = "";
			projectRoot = "";
			targets = (
				B852F8582D936EA600BAE981 /* MovieApp-iOS */,
				B852F8682D936EA700BAE981 /* MovieApp-iOSTests */,
				B852F8722D936EA700BAE981 /* MovieApp-iOSUITests */,
			);
		};
/* End PBXProject section */

/* Begin PBXResourcesBuildPhase section */
		B852F8572D936EA600BAE981 /* Resources */ = {
			isa = PBXResourcesBuildPhase;
			buildActionMask = 2147483647;
			files = (
			);
			runOnlyForDeploymentPostprocessing = 0;
		};
		B852F8672D936EA700BAE981 /* Resources */ = {
			isa = PBXResourcesBuildPhase;
			buildActionMask = 2147483647;
			files = (
			);
			runOnlyForDeploymentPostprocessing = 0;
		};
		B852F8712D936EA700BAE981 /* Resources */ = {
			isa = PBXResourcesBuildPhase;
			buildActionMask = 2147483647;
			files = (
			);
			runOnlyForDeploymentPostprocessing = 0;
		};
/* End PBXResourcesBuildPhase section */

/* Begin PBXSourcesBuildPhase section */
		B852F8552D936EA600BAE981 /* Sources */ = {
			isa = PBXSourcesBuildPhase;
			buildActionMask = 2147483647;
			files = (
			);
			runOnlyForDeploymentPostprocessing = 0;
		};
		B852F8652D936EA700BAE981 /* Sources */ = {
			isa = PBXSourcesBuildPhase;
			buildActionMask = 2147483647;
			files = (
			);
			runOnlyForDeploymentPostprocessing = 0;
		};
		B852F86F2D936EA700BAE981 /* Sources */ = {
			isa = PBXSourcesBuildPhase;
			buildActionMask = 2147483647;
			files = (
			);
			runOnlyForDeploymentPostprocessing = 0;
		};
/* End PBXSourcesBuildPhase section */

/* Begin PBXTargetDependency section */
		B852F86B2D936EA700BAE981 /* PBXTargetDependency */ = {
			isa = PBXTargetDependency;
			target = B852F8582D936EA600BAE981 /* MovieApp-iOS */;
			targetProxy = B852F86A2D936EA700BAE981 /* PBXContainerItemProxy */;
		};
		B852F8752D936EA700BAE981 /* PBXTargetDependency */ = {
			isa = PBXTargetDependency;
			target = B852F8582D936EA600BAE981 /* MovieApp-iOS */;
			targetProxy = B852F8742D936EA700BAE981 /* PBXContainerItemProxy */;
		};
/* End PBXTargetDependency section */

/* Begin XCBuildConfiguration section */
		B852F87B2D936EA700BAE981 /* Debug */ = {
			isa = XCBuildConfiguration;
			buildSettings = {
				ALWAYS_SEARCH_USER_PATHS = NO;
				ASSETCATALOG_COMPILER_GENERATE_SWIFT_ASSET_SYMBOL_EXTENSIONS = YES;
				CLANG_ANALYZER_NONNULL = YES;
				CLANG_ANALYZER_NUMBER_OBJECT_CONVERSION = YES_AGGRESSIVE;
				CLANG_CXX_LANGUAGE_STANDARD = "gnu++20";
				CLANG_ENABLE_MODULES = YES;
				CLANG_ENABLE_OBJC_ARC = YES;
				CLANG_ENABLE_OBJC_WEAK = YES;
				CLANG_WARN_BLOCK_CAPTURE_AUTORELEASING = YES;
				CLANG_WARN_BOOL_CONVERSION = YES;
				CLANG_WARN_COMMA = YES;
				CLANG_WARN_CONSTANT_CONVERSION = YES;
				CLANG_WARN_DEPRECATED_OBJC_IMPLEMENTATIONS = YES;
				CLANG_WARN_DIRECT_OBJC_ISA_USAGE = YES_ERROR;
				CLANG_WARN_DOCUMENTATION_COMMENTS = YES;
				CLANG_WARN_EMPTY_BODY = YES;
				CLANG_WARN_ENUM_CONVERSION = YES;
				CLANG_WARN_INFINITE_RECURSION = YES;
				CLANG_WARN_INT_CONVERSION = YES;
				CLANG_WARN_NON_LITERAL_NULL_CONVERSION = YES;
				CLANG_WARN_OBJC_IMPLICIT_RETAIN_SELF = YES;
				CLANG_WARN_OBJC_LITERAL_CONVERSION = YES;
				CLANG_WARN_OBJC_ROOT_CLASS = YES_ERROR;
				CLANG_WARN_QUOTED_INCLUDE_IN_FRAMEWORK_HEADER = YES;
				CLANG_WARN_RANGE_LOOP_ANALYSIS = YES;
				CLANG_WARN_STRICT_PROTOTYPES = YES;
				CLANG_WARN_SUSPICIOUS_MOVE = YES;
				CLANG_WARN_UNGUARDED_AVAILABILITY = YES_AGGRESSIVE;
				CLANG_WARN_UNREACHABLE_CODE = YES;
				CLANG_WARN__DUPLICATE_METHOD_MATCH = YES;
				COPY_PHASE_STRIP = NO;
				DEBUG_INFORMATION_FORMAT = dwarf;
				ENABLE_STRICT_OBJC_MSGSEND = YES;
				ENABLE_TESTABILITY = YES;
				ENABLE_USER_SCRIPT_SANDBOXING = YES;
				GCC_C_LANGUAGE_STANDARD = gnu17;
				GCC_DYNAMIC_NO_PIC = NO;
				GCC_NO_COMMON_BLOCKS = YES;
				GCC_OPTIMIZATION_LEVEL = 0;
				GCC_PREPROCESSOR_DEFINITIONS = (
					"DEBUG=1",
					"$(inherited)",
				);
				GCC_WARN_64_TO_32_BIT_CONVERSION = YES;
				GCC_WARN_ABOUT_RETURN_TYPE = YES_ERROR;
				GCC_WARN_UNDECLARED_SELECTOR = YES;
				GCC_WARN_UNINITIALIZED_AUTOS = YES_AGGRESSIVE;
				GCC_WARN_UNUSED_FUNCTION = YES;
				GCC_WARN_UNUSED_VARIABLE = YES;
				IPHONEOS_DEPLOYMENT_TARGET = 18.1;
				LOCALIZATION_PREFERS_STRING_CATALOGS = YES;
				MTL_ENABLE_DEBUG_INFO = INCLUDE_SOURCE;
				MTL_FAST_MATH = YES;
				ONLY_ACTIVE_ARCH = YES;
				SDKROOT = iphoneos;
				SWIFT_ACTIVE_COMPILATION_CONDITIONS = "DEBUG $(inherited)";
				SWIFT_OPTIMIZATION_LEVEL = "-Onone";
			};
			name = Debug;
		};
		B852F87C2D936EA700BAE981 /* Release */ = {
			isa = XCBuildConfiguration;
			buildSettings = {
				ALWAYS_SEARCH_USER_PATHS = NO;
				ASSETCATALOG_COMPILER_GENERATE_SWIFT_ASSET_SYMBOL_EXTENSIONS = YES;
				CLANG_ANALYZER_NONNULL = YES;
				CLANG_ANALYZER_NUMBER_OBJECT_CONVERSION = YES_AGGRESSIVE;
				CLANG_CXX_LANGUAGE_STANDARD = "gnu++20";
				CLANG_ENABLE_MODULES = YES;
				CLANG_ENABLE_OBJC_ARC = YES;
				CLANG_ENABLE_OBJC_WEAK = YES;
				CLANG_WARN_BLOCK_CAPTURE_AUTORELEASING = YES;
				CLANG_WARN_BOOL_CONVERSION = YES;
				CLANG_WARN_COMMA = YES;
				CLANG_WARN_CONSTANT_CONVERSION = YES;
				CLANG_WARN_DEPRECATED_OBJC_IMPLEMENTATIONS = YES;
				CLANG_WARN_DIRECT_OBJC_ISA_USAGE = YES_ERROR;
				CLANG_WARN_DOCUMENTATION_COMMENTS = YES;
				CLANG_WARN_EMPTY_BODY = YES;
				CLANG_WARN_ENUM_CONVERSION = YES;
				CLANG_WARN_INFINITE_RECURSION = YES;
				CLANG_WARN_INT_CONVERSION = YES;
				CLANG_WARN_NON_LITERAL_NULL_CONVERSION = YES;
				CLANG_WARN_OBJC_IMPLICIT_RETAIN_SELF = YES;
				CLANG_WARN_OBJC_LITERAL_CONVERSION = YES;
				CLANG_WARN_OBJC_ROOT_CLASS = YES_ERROR;
				CLANG_WARN_QUOTED_INCLUDE_IN_FRAMEWORK_HEADER = YES;
				CLANG_WARN_RANGE_LOOP_ANALYSIS = YES;
				CLANG_WARN_STRICT_PROTOTYPES = YES;
				CLANG_WARN_SUSPICIOUS_MOVE = YES;
				CLANG_WARN_UNGUARDED_AVAILABILITY = YES_AGGRESSIVE;
				CLANG_WARN_UNREACHABLE_CODE = YES;
				CLANG_WARN__DUPLICATE_METHOD_MATCH = YES;
				COPY_PHASE_STRIP = NO;
				DEBUG_INFORMATION_FORMAT = "dwarf-with-dsym";
				ENABLE_NS_ASSERTIONS = NO;
				ENABLE_STRICT_OBJC_MSGSEND = YES;
				ENABLE_USER_SCRIPT_SANDBOXING = YES;
				GCC_C_LANGUAGE_STANDARD = gnu17;
				GCC_NO_COMMON_BLOCKS = YES;
				GCC_WARN_64_TO_32_BIT_CONVERSION = YES;
				GCC_WARN_ABOUT_RETURN_TYPE = YES_ERROR;
				GCC_WARN_UNDECLARED_SELECTOR = YES;
				GCC_WARN_UNINITIALIZED_AUTOS = YES_AGGRESSIVE;
				GCC_WARN_UNUSED_FUNCTION = YES;
				GCC_WARN_UNUSED_VARIABLE = YES;
				IPHONEOS_DEPLOYMENT_TARGET = 18.1;
				LOCALIZATION_PREFERS_STRING_CATALOGS = YES;
				MTL_ENABLE_DEBUG_INFO = NO;
				MTL_FAST_MATH = YES;
				SDKROOT = iphoneos;
				SWIFT_COMPILATION_MODE = wholemodule;
				VALIDATE_PRODUCT = YES;
			};
			name = Release;
		};
		B852F87E2D936EA700BAE981 /* Debug */ = {
			isa = XCBuildConfiguration;
			buildSettings = {
				ASSETCATALOG_COMPILER_APPICON_NAME = AppIcon;
				ASSETCATALOG_COMPILER_GLOBAL_ACCENT_COLOR_NAME = AccentColor;
				CODE_SIGN_STYLE = Automatic;
				CURRENT_PROJECT_VERSION = 1;
				DEVELOPMENT_ASSET_PATHS = "\"MovieApp-iOS/Preview Content\"";
				ENABLE_PREVIEWS = YES;
				GENERATE_INFOPLIST_FILE = YES;
				INFOPLIST_KEY_UIApplicationSceneManifest_Generation = YES;
				INFOPLIST_KEY_UIApplicationSupportsIndirectInputEvents = YES;
				INFOPLIST_KEY_UILaunchScreen_Generation = YES;
				INFOPLIST_KEY_UISupportedInterfaceOrientations_iPad = "UIInterfaceOrientationPortrait UIInterfaceOrientationPortraitUpsideDown UIInterfaceOrientationLandscapeLeft UIInterfaceOrientationLandscapeRight";
				INFOPLIST_KEY_UISupportedInterfaceOrientations_iPhone = "UIInterfaceOrientationPortrait UIInterfaceOrientationLandscapeLeft UIInterfaceOrientationLandscapeRight";
				LD_RUNPATH_SEARCH_PATHS = (
					"$(inherited)",
					"@executable_path/Frameworks",
				);
				MARKETING_VERSION = 1.0;
				PRODUCT_BUNDLE_IDENTIFIER = "Me.MovieApp-iOS";
				PRODUCT_NAME = "$(TARGET_NAME)";
				SWIFT_EMIT_LOC_STRINGS = YES;
				SWIFT_VERSION = 5.0;
				TARGETED_DEVICE_FAMILY = "1,2";
			};
			name = Debug;
		};
		B852F87F2D936EA700BAE981 /* Release */ = {
			isa = XCBuildConfiguration;
			buildSettings = {
				ASSETCATALOG_COMPILER_APPICON_NAME = AppIcon;
				ASSETCATALOG_COMPILER_GLOBAL_ACCENT_COLOR_NAME = AccentColor;
				CODE_SIGN_STYLE = Automatic;
				CURRENT_PROJECT_VERSION = 1;
				DEVELOPMENT_ASSET_PATHS = "\"MovieApp-iOS/Preview Content\"";
				ENABLE_PREVIEWS = YES;
				GENERATE_INFOPLIST_FILE = YES;
				INFOPLIST_KEY_UIApplicationSceneManifest_Generation = YES;
				INFOPLIST_KEY_UIApplicationSupportsIndirectInputEvents = YES;
				INFOPLIST_KEY_UILaunchScreen_Generation = YES;
				INFOPLIST_KEY_UISupportedInterfaceOrientations_iPad = "UIInterfaceOrientationPortrait UIInterfaceOrientationPortraitUpsideDown UIInterfaceOrientationLandscapeLeft UIInterfaceOrientationLandscapeRight";
				INFOPLIST_KEY_UISupportedInterfaceOrientations_iPhone = "UIInterfaceOrientationPortrait UIInterfaceOrientationLandscapeLeft UIInterfaceOrientationLandscapeRight";
				LD_RUNPATH_SEARCH_PATHS = (
					"$(inherited)",
					"@executable_path/Frameworks",
				);
				MARKETING_VERSION = 1.0;
				PRODUCT_BUNDLE_IDENTIFIER = "Me.MovieApp-iOS";
				PRODUCT_NAME = "$(TARGET_NAME)";
				SWIFT_EMIT_LOC_STRINGS = YES;
				SWIFT_VERSION = 5.0;
				TARGETED_DEVICE_FAMILY = "1,2";
			};
			name = Release;
		};
		B852F8812D936EA700BAE981 /* Debug */ = {
			isa = XCBuildConfiguration;
			buildSettings = {
				BUNDLE_LOADER = "$(TEST_HOST)";
				CODE_SIGN_STYLE = Automatic;
				CURRENT_PROJECT_VERSION = 1;
				GENERATE_INFOPLIST_FILE = YES;
				IPHONEOS_DEPLOYMENT_TARGET = 18.1;
				MARKETING_VERSION = 1.0;
				PRODUCT_BUNDLE_IDENTIFIER = "Me.MovieApp-iOSTests";
				PRODUCT_NAME = "$(TARGET_NAME)";
				SWIFT_EMIT_LOC_STRINGS = NO;
				SWIFT_VERSION = 5.0;
				TARGETED_DEVICE_FAMILY = "1,2";
				TEST_HOST = "$(BUILT_PRODUCTS_DIR)/MovieApp-iOS.app/$(BUNDLE_EXECUTABLE_FOLDER_PATH)/MovieApp-iOS";
			};
			name = Debug;
		};
		B852F8822D936EA700BAE981 /* Release */ = {
			isa = XCBuildConfiguration;
			buildSettings = {
				BUNDLE_LOADER = "$(TEST_HOST)";
				CODE_SIGN_STYLE = Automatic;
				CURRENT_PROJECT_VERSION = 1;
				GENERATE_INFOPLIST_FILE = YES;
				IPHONEOS_DEPLOYMENT_TARGET = 18.1;
				MARKETING_VERSION = 1.0;
				PRODUCT_BUNDLE_IDENTIFIER = "Me.MovieApp-iOSTests";
				PRODUCT_NAME = "$(TARGET_NAME)";
				SWIFT_EMIT_LOC_STRINGS = NO;
				SWIFT_VERSION = 5.0;
				TARGETED_DEVICE_FAMILY = "1,2";
				TEST_HOST = "$(BUILT_PRODUCTS_DIR)/MovieApp-iOS.app/$(BUNDLE_EXECUTABLE_FOLDER_PATH)/MovieApp-iOS";
			};
			name = Release;
		};
		B852F8842D936EA700BAE981 /* Debug */ = {
			isa = XCBuildConfiguration;
			buildSettings = {
				CODE_SIGN_STYLE = Automatic;
				CURRENT_PROJECT_VERSION = 1;
				GENERATE_INFOPLIST_FILE = YES;
				MARKETING_VERSION = 1.0;
				PRODUCT_BUNDLE_IDENTIFIER = "Me.MovieApp-iOSUITests";
				PRODUCT_NAME = "$(TARGET_NAME)";
				SWIFT_EMIT_LOC_STRINGS = NO;
				SWIFT_VERSION = 5.0;
				TARGETED_DEVICE_FAMILY = "1,2";
				TEST_TARGET_NAME = "MovieApp-iOS";
			};
			name = Debug;
		};
		B852F8852D936EA700BAE981 /* Release */ = {
			isa = XCBuildConfiguration;
			buildSettings = {
				CODE_SIGN_STYLE = Automatic;
				CURRENT_PROJECT_VERSION = 1;
				GENERATE_INFOPLIST_FILE = YES;
				MARKETING_VERSION = 1.0;
				PRODUCT_BUNDLE_IDENTIFIER = "Me.MovieApp-iOSUITests";
				PRODUCT_NAME = "$(TARGET_NAME)";
				SWIFT_EMIT_LOC_STRINGS = NO;
				SWIFT_VERSION = 5.0;
				TARGETED_DEVICE_FAMILY = "1,2";
				TEST_TARGET_NAME = "MovieApp-iOS";
			};
			name = Release;
		};
/* End XCBuildConfiguration section */

/* Begin XCConfigurationList section */
		B852F8542D936EA600BAE981 /* Build configuration list for PBXProject "MovieApp-iOS" */ = {
			isa = XCConfigurationList;
			buildConfigurations = (
				B852F87B2D936EA700BAE981 /* Debug */,
				B852F87C2D936EA700BAE981 /* Release */,
			);
			defaultConfigurationIsVisible = 0;
			defaultConfigurationName = Release;
		};
		B852F87D2D936EA700BAE981 /* Build configuration list for PBXNativeTarget "MovieApp-iOS" */ = {
			isa = XCConfigurationList;
			buildConfigurations = (
				B852F87E2D936EA700BAE981 /* Debug */,
				B852F87F2D936EA700BAE981 /* Release */,
			);
			defaultConfigurationIsVisible = 0;
			defaultConfigurationName = Release;
		};
		B852F8802D936EA700BAE981 /* Build configuration list for PBXNativeTarget "MovieApp-iOSTests" */ = {
			isa = XCConfigurationList;
			buildConfigurations = (
				B852F8812D936EA700BAE981 /* Debug */,
				B852F8822D936EA700BAE981 /* Release */,
			);
			defaultConfigurationIsVisible = 0;
			defaultConfigurationName = Release;
		};
		B852F8832D936EA700BAE981 /* Build configuration list for PBXNativeTarget "MovieApp-iOSUITests" */ = {
			isa = XCConfigurationList;
			buildConfigurations = (
				B852F8842D936EA700BAE981 /* Debug */,
				B852F8852D936EA700BAE981 /* Release */,
			);
			defaultConfigurationIsVisible = 0;
			defaultConfigurationName = Release;
		};
/* End XCConfigurationList section */

/* Begin XCRemoteSwiftPackageReference section */
		B831BC132D9AC8B1005E63C7 /* XCRemoteSwiftPackageReference "SwiftfulLoadingIndicators" */ = {
			isa = XCRemoteSwiftPackageReference;
			repositoryURL = "https://github.com/SwiftfulThinking/SwiftfulLoadingIndicators";
			requirement = {
				kind = upToNextMajorVersion;
				minimumVersion = 0.0.4;
			};
		};
/* End XCRemoteSwiftPackageReference section */

/* Begin XCSwiftPackageProductDependency section */
		B831BC142D9AC8B1005E63C7 /* SwiftfulLoadingIndicators */ = {
			isa = XCSwiftPackageProductDependency;
			package = B831BC132D9AC8B1005E63C7 /* XCRemoteSwiftPackageReference "SwiftfulLoadingIndicators" */;
			productName = SwiftfulLoadingIndicators;
		};
/* End XCSwiftPackageProductDependency section */
	};
	rootObject = B852F8512D936EA600BAE981 /* Project object */;
}
